
Microsoft Visual Studio Solution File, Format Version 12.00
# Visual Studio 15
VisualStudioVersion = 15.0.26730.12
MinimumVisualStudioVersion = 10.0.40219.1
Project("{FAE04EC0-301F-11D3-BF4B-00C04F79EFBC}") = "PowerShellExecuterTest", "PowerShellExecuterTest\PowerShellExecuterTest.csproj", "{FF295006-FCC1-4C3B-A355-D1F7632F0CEC}"
EndProject
Global
	GlobalSection(SolutionConfigurationPlatforms) = preSolution
		Debug|Any CPU = Debug|Any CPU
		Release|Any CPU = Release|Any CPU
	EndGlobalSection
	GlobalSection(ProjectConfigurationPlatforms) = postSolution
		{FF295006-FCC1-4C3B-A355-D1F7632F0CEC}.Debug|Any CPU.ActiveCfg = Debug|Any CPU
		{FF295006-FCC1-4C3B-A355-D1F7632F0CEC}.Debug|Any CPU.Build.0 = Debug|Any CPU
		{FF295006-FCC1-4C3B-A355-D1F7632F0CEC}.Release|Any CPU.ActiveCfg = Release|Any CPU
		{FF295006-FCC1-4C3B-A355-D1F7632F0CEC}.Release|Any CPU.Build.0 = Release|Any CPU
	EndGlobalSection
	GlobalSection(SolutionProperties) = preSolution
		HideSolutionNode = FALSE
	EndGlobalSection
	GlobalSection(ExtensibilityGlobals) = postSolution
		SolutionGuid = {5BE19EAB-7BC7-4F2F-8D15-E9A8BAA736EE}
	EndGlobalSection
EndGlobal
